dependencies:
- name: common
  repository: file://../common
  version: 0.5.0
- name: common
  repository: file://../common
  version: 0.5.0
- name: common
  repository: file://../common
  version: 0.5.0
- name: common
  repository: file://../common
  version: 0.5.0
- name: common
  repository: file://../common
  version: 0.5.0
digest: sha256:db8f62a0ea24949105c2b580fbac44082a1013744b8c24a1298171476a5aa9f0
generated: "2026-07-09T15:38:45.834775944+02:00"
