dependencies:
- name: common
  repository: file://../common
  version: 0.6.0
- name: common
  repository: file://../common
  version: 0.6.0
- name: common
  repository: file://../common
  version: 0.6.0
- name: common
  repository: file://../common
  version: 0.6.0
- name: common
  repository: file://../common
  version: 0.6.0
digest: sha256:7cbaae1d1bc8e3d94c600ea0b969585bc76ee5ef1d380948f0bc956b2efca1a5
generated: "2026-08-10T13:53:26.276951228+02:00"
