dependencies:
- name: common
  repository: file://../common
  version: 0.7.0
- name: common
  repository: file://../common
  version: 0.7.0
- name: common
  repository: file://../common
  version: 0.7.0
- name: common
  repository: file://../common
  version: 0.7.0
- name: common
  repository: file://../common
  version: 0.7.0
digest: sha256:73cf01e69f4a5cd80e04b604c72532c5aa494180a5b20deb0b94b4101ccd5ecd
generated: "2026-09-25T16:46:50.28548326+02:00"
